
Microsoft Visual Studio Solution File, Format Version 12.00
# Visual Studio Version 17
VisualStudioVersion = 17.3.32825.248
MinimumVisualStudioVersion = 10.0.40219.1
Project("{FAE04EC0-301F-11D3-BF4B-00C04F79EFBC}") = "Practica 5 MAP", "Practica 5 MAP.csproj", "{EAC5296E-21EF-4FEA-B1EA-8AAACADE00FA}"
EndProject
Project("{FAE04EC0-301F-11D3-BF4B-00C04F79EFBC}") = "Tests", "..\Tests\Tests.csproj", "{03AA8DC8-04FC-46F6-9E99-618F560EDF40}"
EndProject
Global
	GlobalSection(SolutionConfigurationPlatforms) = preSolution
		Debug|Any CPU = Debug|Any CPU
		Release|Any CPU = Release|Any CPU
	EndGlobalSection
	GlobalSection(ProjectConfigurationPlatforms) = postSolution
		{EAC5296E-21EF-4FEA-B1EA-8AAACADE00FA}.Debug|Any CPU.ActiveCfg = Debug|Any CPU
		{EAC5296E-21EF-4FEA-B1EA-8AAACADE00FA}.Debug|Any CPU.Build.0 = Debug|Any CPU
		{EAC5296E-21EF-4FEA-B1EA-8AAACADE00FA}.Release|Any CPU.ActiveCfg = Release|Any CPU
		{EAC5296E-21EF-4FEA-B1EA-8AAACADE00FA}.Release|Any CPU.Build.0 = Release|Any CPU
		{03AA8DC8-04FC-46F6-9E99-618F560EDF40}.Debug|Any CPU.ActiveCfg = Debug|Any CPU
		{03AA8DC8-04FC-46F6-9E99-618F560EDF40}.Debug|Any CPU.Build.0 = Debug|Any CPU
		{03AA8DC8-04FC-46F6-9E99-618F560EDF40}.Release|Any CPU.ActiveCfg = Release|Any CPU
		{03AA8DC8-04FC-46F6-9E99-618F560EDF40}.Release|Any CPU.Build.0 = Release|Any CPU
	EndGlobalSection
	GlobalSection(SolutionProperties) = preSolution
		HideSolutionNode = FALSE
	EndGlobalSection
	GlobalSection(ExtensibilityGlobals) = postSolution
		SolutionGuid = {2BB9613C-C88A-4C54-B4D7-84D1C1FA27AE}
	EndGlobalSection
EndGlobal
